
Microsoft Visual Studio Solution File, Format Version 12.00
# Visual Studio Version 17
VisualStudioVersion = 17.0.31903.59
MinimumVisualStudioVersion = 10.0.40219.1
Project("{2150E333-8FDC-42A3-9474-1A3956D46DE8}") = "src", "src", "{125DD23C-D850-4FF5-A338-778C32D26433}"
EndProject
Project("{FAE04EC0-301F-11D3-BF4B-00C04F79EFBC}") = "MiniTC", "src\MiniTC\MiniTC.csproj", "{9640D728-864F-4233-9672-99EACF0CD3D3}"
EndProject
Project("{2150E333-8FDC-42A3-9474-1A3956D46DE8}") = "tests", "tests", "{91D3D343-BBCF-4B0D-908B-E34DD452F574}"
EndProject
Project("{FAE04EC0-301F-11D3-BF4B-00C04F79EFBC}") = "MiniTC.Tests", "tests\MiniTC.Tests\MiniTC.Tests.csproj", "{604D98FD-F3EE-4E22-A7E1-0A8600FEC589}"
EndProject
Global
	GlobalSection(SolutionConfigurationPlatforms) = preSolution
		Debug|Any CPU = Debug|Any CPU
		Release|Any CPU = Release|Any CPU
	EndGlobalSection
	GlobalSection(SolutionProperties) = preSolution
		HideSolutionNode = FALSE
	EndGlobalSection
	GlobalSection(ProjectConfigurationPlatforms) = postSolution
		{9640D728-864F-4233-9672-99EACF0CD3D3}.Debug|Any CPU.ActiveCfg = Debug|Any CPU
		{9640D728-864F-4233-9672-99EACF0CD3D3}.Debug|Any CPU.Build.0 = Debug|Any CPU
		{9640D728-864F-4233-9672-99EACF0CD3D3}.Release|Any CPU.ActiveCfg = Release|Any CPU
		{9640D728-864F-4233-9672-99EACF0CD3D3}.Release|Any CPU.Build.0 = Release|Any CPU
		{604D98FD-F3EE-4E22-A7E1-0A8600FEC589}.Debug|Any CPU.ActiveCfg = Debug|Any CPU
		{604D98FD-F3EE-4E22-A7E1-0A8600FEC589}.Debug|Any CPU.Build.0 = Debug|Any CPU
		{604D98FD-F3EE-4E22-A7E1-0A8600FEC589}.Release|Any CPU.ActiveCfg = Release|Any CPU
		{604D98FD-F3EE-4E22-A7E1-0A8600FEC589}.Release|Any CPU.Build.0 = Release|Any CPU
	EndGlobalSection
	GlobalSection(NestedProjects) = preSolution
		{9640D728-864F-4233-9672-99EACF0CD3D3} = {125DD23C-D850-4FF5-A338-778C32D26433}
		{604D98FD-F3EE-4E22-A7E1-0A8600FEC589} = {91D3D343-BBCF-4B0D-908B-E34DD452F574}
	EndGlobalSection
EndGlobal
